
Microsoft Visual Studio Solution File, Format Version 12.00
# Visual Studio Version 17
VisualStudioVersion = 17.0.31903.59
MinimumVisualStudioVersion = 10.0.40219.1
Project("{9A19103F-16F7-4668-BE54-9A1E7A4F7556}") = "NXProject.Shared", "NXProject.Shared\NXProject.Shared.csproj", "{4A4D93A5-C5E1-44F1-965F-FF59392D6C50}"
EndProject
Project("{9A19103F-16F7-4668-BE54-9A1E7A4F7556}") = "NXProject.Community", "NXProject.Community\NXProject.Community.csproj", "{9C88CC58-8215-4300-9308-16D27A1EA250}"
EndProject
Global
	GlobalSection(SolutionConfigurationPlatforms) = preSolution
		Debug|Any CPU = Debug|Any CPU
		Release|Any CPU = Release|Any CPU
	EndGlobalSection
	GlobalSection(ProjectConfigurationPlatforms) = postSolution
		{4A4D93A5-C5E1-44F1-965F-FF59392D6C50}.Debug|Any CPU.ActiveCfg = Debug|Any CPU
		{4A4D93A5-C5E1-44F1-965F-FF59392D6C50}.Debug|Any CPU.Build.0 = Debug|Any CPU
		{4A4D93A5-C5E1-44F1-965F-FF59392D6C50}.Release|Any CPU.ActiveCfg = Release|Any CPU
		{4A4D93A5-C5E1-44F1-965F-FF59392D6C50}.Release|Any CPU.Build.0 = Release|Any CPU
		{9C88CC58-8215-4300-9308-16D27A1EA250}.Debug|Any CPU.ActiveCfg = Debug|Any CPU
		{9C88CC58-8215-4300-9308-16D27A1EA250}.Debug|Any CPU.Build.0 = Debug|Any CPU
		{9C88CC58-8215-4300-9308-16D27A1EA250}.Release|Any CPU.ActiveCfg = Release|Any CPU
		{9C88CC58-8215-4300-9308-16D27A1EA250}.Release|Any CPU.Build.0 = Release|Any CPU
	EndGlobalSection
	GlobalSection(SolutionProperties) = preSolution
		HideSolutionNode = FALSE
	EndGlobalSection
EndGlobal
